<?xml version="1.0" encoding="utf-8"?>
<Project ToolsVersion="4.0" xmlns="http://schemas.microsoft.com/developer/msbuild/2003">
  <ItemGroup>
    <Filter Include="Source Files">
      <UniqueIdentifier>{4FC737F1-C7A5-4376-A066-2A32D752A2FF}</UniqueIdentifier>
      <Extensions>cpp;c;cc;cxx;c++;cppm;ixx;def;odl;idl;hpj;bat;asm;asmx</Extensions>
    </Filter>
    <Filter Include="Header Files">
      <UniqueIdentifier>{93995380-89BD-4b04-88EB-625FBE52EBFB}</UniqueIdentifier>
      <Extensions>h;hh;hpp;hxx;h++;hm;inl;inc;ipp;xsd</Extensions>
    </Filter>
    <Filter Include="Resource Files">
      <UniqueIdentifier>{67DA6AB6-F800-4c08-8B7A-83BB121AAD01}</UniqueIdentifier>
      <Extensions>rc;ico;cur;bmp;dlg;rc2;rct;bin;rgs;gif;jpg;jpeg;jpe;resx;tiff;tif;png;wav;mfcribbon-ms</Extensions>
    </Filter>
    <Filter Include="Source Files\core">
      <UniqueIdentifier>{B1C9A3E4-5D6F-4E7A-8B9C-0D1E2F3A4B5C}</UniqueIdentifier>
    </Filter>
    <Filter Include="Source Files\gui">
      <UniqueIdentifier>{C2D4E6F8-0A1B-2C3D-4E5F-6A7B8C9D0E1F}</UniqueIdentifier>
    </Filter>
    <Filter Include="Source Files\features">
      <UniqueIdentifier>{D3E5F7A9-1B2C-3D4E-5F6A-7B8C9D0E1F2A}</UniqueIdentifier>
    </Filter>
    <Filter Include="Source Files\sdk">
      <UniqueIdentifier>{E4F6A8B0-2C3D-4E5F-6A7B-8C9D0E1F2A3B}</UniqueIdentifier>
    </Filter>
    <Filter Include="Source Files\utils">
      <UniqueIdentifier>{F5A7B9C1-3D4E-5F6A-7B8C-9D0E1F2A3B4C}</UniqueIdentifier>
    </Filter>
    <Filter Include="Header Files\core">
      <UniqueIdentifier>{A6B8C0D2-4E5F-6A7B-8C9D-0E1F2A3B4C5D}</UniqueIdentifier>
    </Filter>
    <Filter Include="Header Files\gui">
      <UniqueIdentifier>{B7C9D1E3-5F6A-7B8C-9D0E-1F2A3B4C5D6E}</UniqueIdentifier>
    </Filter>
    <Filter Include="Header Files\features">
      <UniqueIdentifier>{C8D0E2F4-6A7B-8C9D-0E1F-2A3B4C5D6E7F}</UniqueIdentifier>
    </Filter>
    <Filter Include="Header Files\sdk">
      <UniqueIdentifier>{D9E1F3A5-7B8C-9D0E-1F2A-3B4C5D6E7F8A}</UniqueIdentifier>
    </Filter>
    <Filter Include="Header Files\utils">
      <UniqueIdentifier>{E0F2A4B6-8C9D-0E1F-2A3B-4C5D6E7F8A9B}</UniqueIdentifier>
    </Filter>
  </ItemGroup>
  <ItemGroup>
    <ClInclude Include="src\framework.h">
      <Filter>Header Files</Filter>
    </ClInclude>
    <ClInclude Include="src\pch.h">
      <Filter>Header Files</Filter>
    </ClInclude>
    <ClInclude Include="src\core\cheat.h">
      <Filter>Header Files\core</Filter>
    </ClInclude>
    <ClInclude Include="src\core\hooks.h">
      <Filter>Header Files\core</Filter>
    </ClInclude>
    <ClInclude Include="src\core\mono.h">
      <Filter>Header Files\core</Filter>
    </ClInclude>
    <ClInclude Include="src\core\renderer.h">
      <Filter>Header Files\core</Filter>
    </ClInclude>
    <ClInclude Include="src\gui\menu.h">
      <Filter>Header Files\gui</Filter>
    </ClInclude>
    <ClInclude Include="src\features\features.h">
      <Filter>Header Files\features</Filter>
    </ClInclude>
    <ClInclude Include="src\features\player.h">
      <Filter>Header Files\features</Filter>
    </ClInclude>
    <ClInclude Include="src\features\esp.h">
      <Filter>Header Files\features</Filter>
    </ClInclude>
    <ClInclude Include="src\features\misc.h">
      <Filter>Header Files\features</Filter>
    </ClInclude>
    <ClInclude Include="src\sdk\unity.h">
      <Filter>Header Files\sdk</Filter>
    </ClInclude>
    <ClInclude Include="src\sdk\game.h">
      <Filter>Header Files\sdk</Filter>
    </ClInclude>
    <ClInclude Include="src\sdk\bindings.h">
      <Filter>Header Files\sdk</Filter>
    </ClInclude>
    <ClInclude Include="src\utils\config.h">
      <Filter>Header Files\utils</Filter>
    </ClInclude>
    <ClInclude Include="src\utils\logger.h">
      <Filter>Header Files\utils</Filter>
    </ClInclude>
  </ItemGroup>
  <ItemGroup>
    <ClCompile Include="src\dllmain.cpp">
      <Filter>Source Files</Filter>
    </ClCompile>
    <ClCompile Include="src\pch.cpp">
      <Filter>Source Files</Filter>
    </ClCompile>
    <ClCompile Include="src\core\cheat.cpp">
      <Filter>Source Files\core</Filter>
    </ClCompile>
    <ClCompile Include="src\core\hooks.cpp">
      <Filter>Source Files\core</Filter>
    </ClCompile>
    <ClCompile Include="src\core\mono.cpp">
      <Filter>Source Files\core</Filter>
    </ClCompile>
    <ClCompile Include="src\core\renderer.cpp">
      <Filter>Source Files\core</Filter>
    </ClCompile>
    <ClCompile Include="src\gui\menu.cpp">
      <Filter>Source Files\gui</Filter>
    </ClCompile>
    <ClCompile Include="src\features\player.cpp">
      <Filter>Source Files\features</Filter>
    </ClCompile>
    <ClCompile Include="src\features\esp.cpp">
      <Filter>Source Files\features</Filter>
    </ClCompile>
    <ClCompile Include="src\features\misc.cpp">
      <Filter>Source Files\features</Filter>
    </ClCompile>
    <ClCompile Include="src\sdk\unity.cpp">
      <Filter>Source Files\sdk</Filter>
    </ClCompile>
    <ClCompile Include="src\sdk\game.cpp">
      <Filter>Source Files\sdk</Filter>
    </ClCompile>
    <ClCompile Include="src\sdk\bindings.cpp">
      <Filter>Source Files\sdk</Filter>
    </ClCompile>
    <ClCompile Include="src\utils\config.cpp">
      <Filter>Source Files\utils</Filter>
    </ClCompile>
    <ClCompile Include="src\utils\logger.cpp">
      <Filter>Source Files\utils</Filter>
    </ClCompile>
  </ItemGroup>
</Project>